
Microsoft Visual Studio Solution File, Format Version 12.00
# Visual Studio 15
VisualStudioVersion = 15.0.28010.2026
MinimumVisualStudioVersion = 10.0.40219.1
Project("{FAE04EC0-301F-11D3-BF4B-00C04F79EFBC}") = "EndlessAttemptsToGet8OnTest", "EndlessAttemptsToGet8OnTest\EndlessAttemptsToGet8OnTest.csproj", "{3A419687-D665-4CAD-AC21-B5D89075ECAB}"
EndProject
Project("{FAE04EC0-301F-11D3-BF4B-00C04F79EFBC}") = "AnotherOneTinyAttempt", "AnotherOneTinyAttempt\AnotherOneTinyAttempt.csproj", "{30D3B18D-9DBE-484D-A963-439149E1FD3C}"
EndProject
Global
	GlobalSection(SolutionConfigurationPlatforms) = preSolution
		Debug|Any CPU = Debug|Any CPU
		Release|Any CPU = Release|Any CPU
	EndGlobalSection
	GlobalSection(ProjectConfigurationPlatforms) = postSolution
		{3A419687-D665-4CAD-AC21-B5D89075ECAB}.Debug|Any CPU.ActiveCfg = Debug|Any CPU
		{3A419687-D665-4CAD-AC21-B5D89075ECAB}.Debug|Any CPU.Build.0 = Debug|Any CPU
		{3A419687-D665-4CAD-AC21-B5D89075ECAB}.Release|Any CPU.ActiveCfg = Release|Any CPU
		{3A419687-D665-4CAD-AC21-B5D89075ECAB}.Release|Any CPU.Build.0 = Release|Any CPU
		{30D3B18D-9DBE-484D-A963-439149E1FD3C}.Debug|Any CPU.ActiveCfg = Debug|Any CPU
		{30D3B18D-9DBE-484D-A963-439149E1FD3C}.Debug|Any CPU.Build.0 = Debug|Any CPU
		{30D3B18D-9DBE-484D-A963-439149E1FD3C}.Release|Any CPU.ActiveCfg = Release|Any CPU
		{30D3B18D-9DBE-484D-A963-439149E1FD3C}.Release|Any CPU.Build.0 = Release|Any CPU
	EndGlobalSection
	GlobalSection(SolutionProperties) = preSolution
		HideSolutionNode = FALSE
	EndGlobalSection
	GlobalSection(ExtensibilityGlobals) = postSolution
		SolutionGuid = {72BF77F5-D848-4FCC-B11C-90122A6F4F9C}
	EndGlobalSection
EndGlobal
